
Microsoft Visual Studio Solution File, Format Version 12.00
# Visual Studio 15
VisualStudioVersion = 15.0.26430.16
MinimumVisualStudioVersion = 10.0.40219.1
Project("{D954291E-2A0B-460D-934E-DC6B0785DB48}") = "Storage", "Storage\Storage.shproj", "{0ABFC125-6CEF-40A1-9F2A-731EC34453C5}"
EndProject
Global
	GlobalSection(SharedMSBuildProjectFiles) = preSolution
		Storage\Storage.projitems*{0abfc125-6cef-40a1-9f2a-731ec34453c5}*SharedItemsImports = 13
	EndGlobalSection
	GlobalSection(SolutionProperties) = preSolution
		HideSolutionNode = FALSE
	EndGlobalSection
EndGlobal
